// !$*UTF8*$!
{
	archiveVersion = 1;
	classes = {
	};
	objectVersion = 55;
	objects = {

/* Begin PBXBuildFile section */
		A0BDDA172836A2D500EAA126 /* AppDelegate.swift in Sources */ = {isa = PBXBuildFile; fileRef = A0BDDA162836A2D500EAA126 /* AppDelegate.swift */; };
		A0BDDA192836A2D500EAA126 /* SceneDelegate.swift in Sources */ = {isa = PBXBuildFile; fileRef = A0BDDA182836A2D500EAA126 /* SceneDelegate.swift */; };
		A0BDDA1B2836A2D500EAA126 /* ViewController.swift in Sources */ = {isa = PBXBuildFile; fileRef = A0BDDA1A2836A2D500EAA126 /* ViewController.swift */; };
		A0BDDA1E2836A2D500EAA126 /* Main.storyboard in Resources */ = {isa = PBXBuildFile; fileRef = A0BDDA1C2836A2D500EAA126 /* Main.storyboard */; };
		A0BDDA202836A2D700EAA126 /* Assets.xcassets in Resources */ = {isa = PBXBuildFile; fileRef = A0BDDA1F2836A2D700EAA126 /* Assets.xcassets */; };
		A0BDDA232836A2D700EAA126 /* LaunchScreen.storyboard in Resources */ = {isa = PBXBuildFile; fileRef = A0BDDA212836A2D700EAA126 /* LaunchScreen.storyboard */; };
		A0BDDA2C2836A87900EAA126 /* SaldoTableViewCell.swift in Sources */ = {isa = PBXBuildFile; fileRef = A0BDDA2A2836A87900EAA126 /* SaldoTableViewCell.swift */; };
		A0BDDA2D2836A87900EAA126 /* SaldoTableViewCell.xib in Resources */ = {isa = PBXBuildFile; fileRef = A0BDDA2B2836A87900EAA126 /* SaldoTableViewCell.xib */; };
		A0BDDA302836A89100EAA126 /* TarjetaTableViewCell.swift in Sources */ = {isa = PBXBuildFile; fileRef = A0BDDA2E2836A89100EAA126 /* TarjetaTableViewCell.swift */; };
		A0BDDA312836A89100EAA126 /* TarjetaTableViewCell.xib in Resources */ = {isa = PBXBuildFile; fileRef = A0BDDA2F2836A89100EAA126 /* TarjetaTableViewCell.xib */; };
/* End PBXBuildFile section */

/* Begin PBXFileReference section */
		A0BDDA132836A2D500EAA126 /* BankApp.app */ = {isa = PBXFileReference; explicitFileType = wrapper.application; includeInIndex = 0; path = BankApp.app; sourceTree = BUILT_PRODUCTS_DIR; };
		A0BDDA162836A2D500EAA126 /* AppDelegate.swift */ = {isa = PBXFileReference; lastKnownFileType = sourcecode.swift; path = AppDelegate.swift; sourceTree = "<group>"; };
		A0BDDA182836A2D500EAA126 /* SceneDelegate.swift */ = {isa = PBXFileReference; lastKnownFileType = sourcecode.swift; path = SceneDelegate.swift; sourceTree = "<group>"; };
		A0BDDA1A2836A2D500EAA126 /* ViewController.swift */ = {isa = PBXFileReference; lastKnownFileType = sourcecode.swift; path = ViewController.swift; sourceTree = "<group>"; };
		A0BDDA1D2836A2D500EAA126 /* Base */ = {isa = PBXFileReference; lastKnownFileType = file.storyboard; name = Base; path = Base.lproj/Main.storyboard; sourceTree = "<group>"; };
		A0BDDA1F2836A2D700EAA126 /* Assets.xcassets */ = {isa = PBXFileReference; lastKnownFileType = folder.assetcatalog; path = Assets.xcassets; sourceTree = "<group>"; };
		A0BDDA222836A2D700EAA126 /* Base */ = {isa = PBXFileReference; lastKnownFileType = file.storyboard; name = Base; path = Base.lproj/LaunchScreen.storyboard; sourceTree = "<group>"; };
		A0BDDA242836A2D700EAA126 /* Info.plist */ = {isa = PBXFileReference; lastKnownFileType = text.plist.xml; path = Info.plist; sourceTree = "<group>"; };
		A0BDDA2A2836A87900EAA126 /* SaldoTableViewCell.swift */ = {isa = PBXFileReference; lastKnownFileType = sourcecode.swift; path = SaldoTableViewCell.swift; sourceTree = "<group>"; };
		A0BDDA2B2836A87900EAA126 /* SaldoTableViewCell.xib */ = {isa = PBXFileReference; lastKnownFileType = file.xib; path = SaldoTableViewCell.xib; sourceTree = "<group>"; };
		A0BDDA2E2836A89100EAA126 /* TarjetaTableViewCell.swift */ = {isa = PBXFileReference; lastKnownFileType = sourcecode.swift; path = TarjetaTableViewCell.swift; sourceTree = "<group>"; };
		A0BDDA2F2836A89100EAA126 /* TarjetaTableViewCell.xib */ = {isa = PBXFileReference; lastKnownFileType = file.xib; path = TarjetaTableViewCell.xib; sourceTree = "<group>"; };
/* End PBXFileReference section */

/* Begin PBXFrameworksBuildPhase section */
		A0BDDA102836A2D500EAA126 /* Frameworks */ = {
			isa = PBXFrameworksBuildPhase;
			buildActionMask = 2147483647;
			files = (
			);
			runOnlyForDeploymentPostprocessing = 0;
		};
/* End PBXFrameworksBuildPhase section */

/* Begin PBXGroup section */
		A0BDDA0A2836A2D500EAA126 = {
			isa = PBXGroup;
			children = (
				A0BDDA152836A2D500EAA126 /* BankApp */,
				A0BDDA142836A2D500EAA126 /* Products */,
			);
			sourceTree = "<group>";
		};
		A0BDDA142836A2D500EAA126 /* Products */ = {
			isa = PBXGroup;
			children = (
				A0BDDA132836A2D500EAA126 /* BankApp.app */,
			);
			name = Products;
			sourceTree = "<group>";
		};
		A0BDDA152836A2D500EAA126 /* BankApp */ = {
			isa = PBXGroup;
			children = (
				A0BDDA162836A2D500EAA126 /* AppDelegate.swift */,
				A0BDDA182836A2D500EAA126 /* SceneDelegate.swift */,
				A0BDDA1A2836A2D500EAA126 /* ViewController.swift */,
				A0BDDA2E2836A89100EAA126 /* TarjetaTableViewCell.swift */,
				A0BDDA2F2836A89100EAA126 /* TarjetaTableViewCell.xib */,
				A0BDDA2A2836A87900EAA126 /* SaldoTableViewCell.swift */,
				A0BDDA2B2836A87900EAA126 /* SaldoTableViewCell.xib */,
				A0BDDA1C2836A2D500EAA126 /* Main.storyboard */,
				A0BDDA1F2836A2D700EAA126 /* Assets.xcassets */,
				A0BDDA212836A2D700EAA126 /* LaunchScreen.storyboard */,
				A0BDDA242836A2D700EAA126 /* Info.plist */,
			);
			path = BankApp;
			sourceTree = "<group>";
		};
/* End PBXGroup section */

/* Begin PBXNativeTarget section */
		A0BDDA122836A2D500EAA126 /* BankApp */ = {
			isa = PBXNativeTarget;
			buildConfigurationList = A0BDDA272836A2D700EAA126 /* Build configuration list for PBXNativeTarget "BankApp" */;
			buildPhases = (
				A0BDDA0F2836A2D500EAA126 /* Sources */,
				A0BDDA102836A2D500EAA126 /* Frameworks */,
				A0BDDA112836A2D500EAA126 /* Resources */,
			);
			buildRules = (
			);
			dependencies = (
			);
			name = BankApp;
			productName = BankApp;
			productReference = A0BDDA132836A2D500EAA126 /* BankApp.app */;
			productType = "com.apple.product-type.application";
		};
/* End PBXNativeTarget section */

/* Begin PBXProject section */
		A0BDDA0B2836A2D500EAA126 /* Project object */ = {
			isa = PBXProject;
			attributes = {
				BuildIndependentTargetsInParallel = 1;
				LastSwiftUpdateCheck = 1340;
				LastUpgradeCheck = 1340;
				TargetAttributes = {
					A0BDDA122836A2D500EAA126 = {
						CreatedOnToolsVersion = 13.4;
					};
				};
			};
			buildConfigurationList = A0BDDA0E2836A2D500EAA126 /* Build configuration list for PBXProject "BankApp" */;
			compatibilityVersion = "Xcode 13.0";
			developmentRegion = en;
			hasScannedForEncodings = 0;
			knownRegions = (
				en,
				Base,
			);
			mainGroup = A0BDDA0A2836A2D500EAA126;
			productRefGroup = A0BDDA142836A2D500EAA126 /* Products */;
			projectDirPath = "";
			projectRoot = "";
			targets = (
				A0BDDA122836A2D500EAA126 /* BankApp */,
			);
		};
/* End PBXProject section */

/* Begin PBXResourcesBuildPhase section */
		A0BDDA112836A2D500EAA126 /* Resources */ = {
			isa = PBXResourcesBuildPhase;
			buildActionMask = 2147483647;
			files = (
				A0BDDA232836A2D700EAA126 /* LaunchScreen.storyboard in Resources */,
				A0BDDA2D2836A87900EAA126 /* SaldoTableViewCell.xib in Resources */,
				A0BDDA202836A2D700EAA126 /* Assets.xcassets in Resources */,
				A0BDDA1E2836A2D500EAA126 /* Main.storyboard in Resources */,
				A0BDDA312836A89100EAA126 /* TarjetaTableViewCell.xib in Resources */,
			);
			runOnlyForDeploymentPostprocessing = 0;
		};
/* End PBXResourcesBuildPhase section */

/* Begin PBXSourcesBuildPhase section */
		A0BDDA0F2836A2D500EAA126 /* Sources */ = {
			isa = PBXSourcesBuildPhase;
			buildActionMask = 2147483647;
			files = (
				A0BDDA1B2836A2D500EAA126 /* ViewController.swift in Sources */,
				A0BDDA2C2836A87900EAA126 /* SaldoTableViewCell.swift in Sources */,
				A0BDDA172836A2D500EAA126 /* AppDelegate.swift in Sources */,
				A0BDDA192836A2D500EAA126 /* SceneDelegate.swift in Sources */,
				A0BDDA302836A89100EAA126 /* TarjetaTableViewCell.swift in Sources */,
			);
			runOnlyForDeploymentPostprocessing = 0;
		};
/* End PBXSourcesBuildPhase section */

/* Begin PBXVariantGroup section */
		A0BDDA1C2836A2D500EAA126 /* Main.storyboard */ = {
			isa = PBXVariantGroup;
			children = (
				A0BDDA1D2836A2D500EAA126 /* Base */,
			);
			name = Main.storyboard;
			sourceTree = "<group>";
		};
		A0BDDA212836A2D700EAA126 /* LaunchScreen.storyboard */ = {
			isa = PBXVariantGroup;
			children = (
				A0BDDA222836A2D700EAA126 /* Base */,
			);
			name = LaunchScreen.storyboard;
			sourceTree = "<group>";
		};
/* End PBXVariantGroup section */

/* Begin XCBuildConfiguration section */
		A0BDDA252836A2D700EAA126 /* Debug */ = {
			isa = XCBuildConfiguration;
			buildSettings = {
				ALWAYS_SEARCH_USER_PATHS = NO;
				CLANG_ANALYZER_NONNULL = YES;
				CLANG_ANALYZER_NUMBER_OBJECT_CONVERSION = YES_AGGRESSIVE;
				CLANG_CXX_LANGUAGE_STANDARD = "gnu++17";
				CLANG_ENABLE_MODULES = YES;
				CLANG_ENABLE_OBJC_ARC = YES;
				CLANG_ENABLE_OBJC_WEAK = YES;
				CLANG_WARN_BLOCK_CAPTURE_AUTORELEASING = YES;
				CLANG_WARN_BOOL_CONVERSION = YES;
				CLANG_WARN_COMMA = YES;
				CLANG_WARN_CONSTANT_CONVERSION = YES;
				CLANG_WARN_DEPRECATED_OBJC_IMPLEMENTATIONS = YES;
				CLANG_WARN_DIRECT_OBJC_ISA_USAGE = YES_ERROR;
				CLANG_WARN_DOCUMENTATION_COMMENTS = YES;
				CLANG_WARN_EMPTY_BODY = YES;
				CLANG_WARN_ENUM_CONVERSION = YES;
				CLANG_WARN_INFINITE_RECURSION = YES;
				CLANG_WARN_INT_CONVERSION = YES;
				CLANG_WARN_NON_LITERAL_NULL_CONVERSION = YES;
				CLANG_WARN_OBJC_IMPLICIT_RETAIN_SELF = YES;
				CLANG_WARN_OBJC_LITERAL_CONVERSION = YES;
				CLANG_WARN_OBJC_ROOT_CLASS = YES_ERROR;
				CLANG_WARN_QUOTED_INCLUDE_IN_FRAMEWORK_HEADER = YES;
				CLANG_WARN_RANGE_LOOP_ANALYSIS = YES;
				CLANG_WARN_STRICT_PROTOTYPES = YES;
				CLANG_WARN_SUSPICIOUS_MOVE = YES;
				CLANG_WARN_UNGUARDED_AVAILABILITY = YES_AGGRESSIVE;
				CLANG_WARN_UNREACHABLE_CODE = YES;
				CLANG_WARN__DUPLICATE_METHOD_MATCH = YES;
				COPY_PHASE_STRIP = NO;
				DEBUG_INFORMATION_FORMAT = dwarf;
				ENABLE_STRICT_OBJC_MSGSEND = YES;
				ENABLE_TESTABILITY = YES;
				GCC_C_LANGUAGE_STANDARD = gnu11;
				GCC_DYNAMIC_NO_PIC = NO;
				GCC_NO_COMMON_BLOCKS = YES;
				GCC_OPTIMIZATION_LEVEL = 0;
				GCC_PREPROCESSOR_DEFINITIONS = (
					"DEBUG=1",
					"$(inherited)",
				);
				GCC_WARN_64_TO_32_BIT_CONVERSION = YES;
				GCC_WARN_ABOUT_RETURN_TYPE = YES_ERROR;
				GCC_WARN_UNDECLARED_SELECTOR = YES;
				GCC_WARN_UNINITIALIZED_AUTOS = YES_AGGRESSIVE;
				GCC_WARN_UNUSED_FUNCTION = YES;
				GCC_WARN_UNUSED_VARIABLE = YES;
				IPHONEOS_DEPLOYMENT_TARGET = 15.5;
				MTL_ENABLE_DEBUG_INFO = INCLUDE_SOURCE;
				MTL_FAST_MATH = YES;
				ONLY_ACTIVE_ARCH = YES;
				SDKROOT = iphoneos;
				SWIFT_ACTIVE_COMPILATION_CONDITIONS = DEBUG;
				SWIFT_OPTIMIZATION_LEVEL = "-Onone";
			};
			name = Debug;
		};
		A0BDDA262836A2D700EAA126 /* Release */ = {
			isa = XCBuildConfiguration;
			buildSettings = {
				ALWAYS_SEARCH_USER_PATHS = NO;
				CLANG_ANALYZER_NONNULL = YES;
				CLANG_ANALYZER_NUMBER_OBJECT_CONVERSION = YES_AGGRESSIVE;
				CLANG_CXX_LANGUAGE_STANDARD = "gnu++17";
				CLANG_ENABLE_MODULES = YES;
				CLANG_ENABLE_OBJC_ARC = YES;
				CLANG_ENABLE_OBJC_WEAK = YES;
				CLANG_WARN_BLOCK_CAPTURE_AUTORELEASING = YES;
				CLANG_WARN_BOOL_CONVERSION = YES;
				CLANG_WARN_COMMA = YES;
				CLANG_WARN_CONSTANT_CONVERSION = YES;
				CLANG_WARN_DEPRECATED_OBJC_IMPLEMENTATIONS = YES;
				CLANG_WARN_DIRECT_OBJC_ISA_USAGE = YES_ERROR;
				CLANG_WARN_DOCUMENTATION_COMMENTS = YES;
				CLANG_WARN_EMPTY_BODY = YES;
				CLANG_WARN_ENUM_CONVERSION = YES;
				CLANG_WARN_INFINITE_RECURSION = YES;
				CLANG_WARN_INT_CONVERSION = YES;
				CLANG_WARN_NON_LITERAL_NULL_CONVERSION = YES;
				CLANG_WARN_OBJC_IMPLICIT_RETAIN_SELF = YES;
				CLANG_WARN_OBJC_LITERAL_CONVERSION = YES;
				CLANG_WARN_OBJC_ROOT_CLASS = YES_ERROR;
				CLANG_WARN_QUOTED_INCLUDE_IN_FRAMEWORK_HEADER = YES;
				CLANG_WARN_RANGE_LOOP_ANALYSIS = YES;
				CLANG_WARN_STRICT_PROTOTYPES = YES;
				CLANG_WARN_SUSPICIOUS_MOVE = YES;
				CLANG_WARN_UNGUARDED_AVAILABILITY = YES_AGGRESSIVE;
				CLANG_WARN_UNREACHABLE_CODE = YES;
				CLANG_WARN__DUPLICATE_METHOD_MATCH = YES;
				COPY_PHASE_STRIP = NO;
				DEBUG_INFORMATION_FORMAT = "dwarf-with-dsym";
				ENABLE_NS_ASSERTIONS = NO;
				ENABLE_STRICT_OBJC_MSGSEND = YES;
				GCC_C_LANGUAGE_STANDARD = gnu11;
				GCC_NO_COMMON_BLOCKS = YES;
				GCC_WARN_64_TO_32_BIT_CONVERSION = YES;
				GCC_WARN_ABOUT_RETURN_TYPE = YES_ERROR;
				GCC_WARN_UNDECLARED_SELECTOR = YES;
				GCC_WARN_UNINITIALIZED_AUTOS = YES_AGGRESSIVE;
				GCC_WARN_UNUSED_FUNCTION = YES;
				GCC_WARN_UNUSED_VARIABLE = YES;
				IPHONEOS_DEPLOYMENT_TARGET = 15.5;
				MTL_ENABLE_DEBUG_INFO = NO;
				MTL_FAST_MATH = YES;
				SDKROOT = iphoneos;
				SWIFT_COMPILATION_MODE = wholemodule;
				SWIFT_OPTIMIZATION_LEVEL = "-O";
				VALIDATE_PRODUCT = YES;
			};
			name = Release;
		};
		A0BDDA282836A2D700EAA126 /* Debug */ = {
			isa = XCBuildConfiguration;
			buildSettings = {
				ASSETCATALOG_COMPILER_APPICON_NAME = AppIcon;
				ASSETCATALOG_COMPILER_GLOBAL_ACCENT_COLOR_NAME = AccentColor;
				CODE_SIGN_STYLE = Automatic;
				CURRENT_PROJECT_VERSION = 1;
				GENERATE_INFOPLIST_FILE = YES;
				INFOPLIST_FILE = BankApp/Info.plist;
				INFOPLIST_KEY_UIApplicationSupportsIndirectInputEvents = YES;
				INFOPLIST_KEY_UILaunchStoryboardName = LaunchScreen;
				INFOPLIST_KEY_UIMainStoryboardFile = Main;
				INFOPLIST_KEY_UISupportedInterfaceOrientations_iPad = "UIInterfaceOrientationPortrait UIInterfaceOrientationPortraitUpsideDown UIInterfaceOrientationLandscapeLeft UIInterfaceOrientationLandscapeRight";
				INFOPLIST_KEY_UISupportedInterfaceOrientations_iPhone = "UIInterfaceOrientationPortrait UIInterfaceOrientationLandscapeLeft UIInterfaceOrientationLandscapeRight";
				LD_RUNPATH_SEARCH_PATHS = (
					"$(inherited)",
					"@executable_path/Frameworks",
				);
				MARKETING_VERSION = 1.0;
				PRODUCT_BUNDLE_IDENTIFIER = com.test.luis.BankApp;
				PRODUCT_NAME = "$(TARGET_NAME)";
				SWIFT_EMIT_LOC_STRINGS = YES;
				SWIFT_VERSION = 5.0;
				TARGETED_DEVICE_FAMILY = "1,2";
			};
			name = Debug;
		};
		A0BDDA292836A2D700EAA126 /* Release */ = {
			isa = XCBuildConfiguration;
			buildSettings = {
				ASSETCATALOG_COMPILER_APPICON_NAME = AppIcon;
				ASSETCATALOG_COMPILER_GLOBAL_ACCENT_COLOR_NAME = AccentColor;
				CODE_SIGN_STYLE = Automatic;
				CURRENT_PROJECT_VERSION = 1;
				GENERATE_INFOPLIST_FILE = YES;
				INFOPLIST_FILE = BankApp/Info.plist;
				INFOPLIST_KEY_UIApplicationSupportsIndirectInputEvents = YES;
				INFOPLIST_KEY_UILaunchStoryboardName = LaunchScreen;
				INFOPLIST_KEY_UIMainStoryboardFile = Main;
				INFOPLIST_KEY_UISupportedInterfaceOrientations_iPad = "UIInterfaceOrientationPortrait UIInterfaceOrientationPortraitUpsideDown UIInterfaceOrientationLandscapeLeft UIInterfaceOrientationLandscapeRight";
				INFOPLIST_KEY_UISupportedInterfaceOrientations_iPhone = "UIInterfaceOrientationPortrait UIInterfaceOrientationLandscapeLeft UIInterfaceOrientationLandscapeRight";
				LD_RUNPATH_SEARCH_PATHS = (
					"$(inherited)",
					"@executable_path/Frameworks",
				);
				MARKETING_VERSION = 1.0;
				PRODUCT_BUNDLE_IDENTIFIER = com.test.luis.BankApp;
				PRODUCT_NAME = "$(TARGET_NAME)";
				SWIFT_EMIT_LOC_STRINGS = YES;
				SWIFT_VERSION = 5.0;
				TARGETED_DEVICE_FAMILY = "1,2";
			};
			name = Release;
		};
/* End XCBuildConfiguration section */

/* Begin XCConfigurationList section */
		A0BDDA0E2836A2D500EAA126 /* Build configuration list for PBXProject "BankApp" */ = {
			isa = XCConfigurationList;
			buildConfigurations = (
				A0BDDA252836A2D700EAA126 /* Debug */,
				A0BDDA262836A2D700EAA126 /* Release */,
			);
			defaultConfigurationIsVisible = 0;
			defaultConfigurationName = Release;
		};
		A0BDDA272836A2D700EAA126 /* Build configuration list for PBXNativeTarget "BankApp" */ = {
			isa = XCConfigurationList;
			buildConfigurations = (
				A0BDDA282836A2D700EAA126 /* Debug */,
				A0BDDA292836A2D700EAA126 /* Release */,
			);
			defaultConfigurationIsVisible = 0;
			defaultConfigurationName = Release;
		};
/* End XCConfigurationList section */
	};
	rootObject = A0BDDA0B2836A2D500EAA126 /* Project object */;
}
